
Microsoft Visual Studio Solution File, Format Version 12.00
# Visual Studio Version 16
VisualStudioVersion = 16.0.33214.272
MinimumVisualStudioVersion = 10.0.40219.1
Project("{FAE04EC0-301F-11D3-BF4B-00C04F79EFBC}") = "CPT-206-Chapter-14-Problem-5-Viktor-Golovin", "CPT-206-Chapter-14-Problem-5-Viktor-Golovin.csproj", "{2DB7D1F0-55C7-42C8-B814-C8CBBE9FC7E7}"
EndProject
Global
	GlobalSection(SolutionConfigurationPlatforms) = preSolution
		Debug|Any CPU = Debug|Any CPU
		Release|Any CPU = Release|Any CPU
	EndGlobalSection
	GlobalSection(ProjectConfigurationPlatforms) = postSolution
		{2DB7D1F0-55C7-42C8-B814-C8CBBE9FC7E7}.Debug|Any CPU.ActiveCfg = Debug|Any CPU
		{2DB7D1F0-55C7-42C8-B814-C8CBBE9FC7E7}.Debug|Any CPU.Build.0 = Debug|Any CPU
		{2DB7D1F0-55C7-42C8-B814-C8CBBE9FC7E7}.Release|Any CPU.ActiveCfg = Release|Any CPU
		{2DB7D1F0-55C7-42C8-B814-C8CBBE9FC7E7}.Release|Any CPU.Build.0 = Release|Any CPU
	EndGlobalSection
	GlobalSection(SolutionProperties) = preSolution
		HideSolutionNode = FALSE
	EndGlobalSection
	GlobalSection(ExtensibilityGlobals) = postSolution
		SolutionGuid = {EFE16777-3B2D-4CDD-909A-7F31215120D7}
	EndGlobalSection
EndGlobal
